
Microsoft Visual Studio Solution File, Format Version 12.00
# Visual Studio Version 16
VisualStudioVersion = 16.0.30114.105
MinimumVisualStudioVersion = 10.0.40219.1
Project("{FAE04EC0-301F-11D3-BF4B-00C04F79EFBC}") = "Ch04MovieList", "Ch04MovieList\Ch04MovieList.csproj", "{351467BB-E68D-47AB-8FD1-3EBE59D35AA9}"
EndProject
Global
	GlobalSection(SolutionConfigurationPlatforms) = preSolution
		Debug|Any CPU = Debug|Any CPU
		Release|Any CPU = Release|Any CPU
	EndGlobalSection
	GlobalSection(ProjectConfigurationPlatforms) = postSolution
		{351467BB-E68D-47AB-8FD1-3EBE59D35AA9}.Debug|Any CPU.ActiveCfg = Debug|Any CPU
		{351467BB-E68D-47AB-8FD1-3EBE59D35AA9}.Debug|Any CPU.Build.0 = Debug|Any CPU
		{351467BB-E68D-47AB-8FD1-3EBE59D35AA9}.Release|Any CPU.ActiveCfg = Release|Any CPU
		{351467BB-E68D-47AB-8FD1-3EBE59D35AA9}.Release|Any CPU.Build.0 = Release|Any CPU
	EndGlobalSection
	GlobalSection(SolutionProperties) = preSolution
		HideSolutionNode = FALSE
	EndGlobalSection
	GlobalSection(ExtensibilityGlobals) = postSolution
		SolutionGuid = {358B318E-8B48-48C4-B30F-838D192E148A}
	EndGlobalSection
EndGlobal
